
Microsoft Visual Studio Solution File, Format Version 12.00
# Visual Studio 2012
Project("{FAE04EC0-301F-11D3-BF4B-00C04F79EFBC}") = "AplicatieWindowsForms", "AplicatieWindowsForms\AplicatieWindowsForms.csproj", "{6CED4CF4-B75B-45EF-9DD0-444088C11236}"
EndProject
Global
	GlobalSection(SolutionConfigurationPlatforms) = preSolution
		Debug|Any CPU = Debug|Any CPU
		Release|Any CPU = Release|Any CPU
	EndGlobalSection
	GlobalSection(ProjectConfigurationPlatforms) = postSolution
		{6CED4CF4-B75B-45EF-9DD0-444088C11236}.Debug|Any CPU.ActiveCfg = Debug|Any CPU
		{6CED4CF4-B75B-45EF-9DD0-444088C11236}.Debug|Any CPU.Build.0 = Debug|Any CPU
		{6CED4CF4-B75B-45EF-9DD0-444088C11236}.Release|Any CPU.ActiveCfg = Release|Any CPU
		{6CED4CF4-B75B-45EF-9DD0-444088C11236}.Release|Any CPU.Build.0 = Release|Any CPU
	EndGlobalSection
	GlobalSection(SolutionProperties) = preSolution
		HideSolutionNode = FALSE
	EndGlobalSection
EndGlobal
